
Microsoft Visual Studio Solution File, Format Version 12.00
# Visual Studio 15
VisualStudioVersion = 15.0.28010.2046
MinimumVisualStudioVersion = 10.0.40219.1
Project("{FAE04EC0-301F-11D3-BF4B-00C04F79EFBC}") = "PrinterResearch", "PrinterResearch.csproj", "{AEB272E0-8CFA-4A41-8B16-DF45E4757334}"
EndProject
Global
	GlobalSection(SolutionConfigurationPlatforms) = preSolution
		Debug|Any CPU = Debug|Any CPU
		Release|Any CPU = Release|Any CPU
	EndGlobalSection
	GlobalSection(ProjectConfigurationPlatforms) = postSolution
		{AEB272E0-8CFA-4A41-8B16-DF45E4757334}.Debug|Any CPU.ActiveCfg = Debug|Any CPU
		{AEB272E0-8CFA-4A41-8B16-DF45E4757334}.Debug|Any CPU.Build.0 = Debug|Any CPU
		{AEB272E0-8CFA-4A41-8B16-DF45E4757334}.Release|Any CPU.ActiveCfg = Release|Any CPU
		{AEB272E0-8CFA-4A41-8B16-DF45E4757334}.Release|Any CPU.Build.0 = Release|Any CPU
	EndGlobalSection
	GlobalSection(SolutionProperties) = preSolution
		HideSolutionNode = FALSE
	EndGlobalSection
	GlobalSection(ExtensibilityGlobals) = postSolution
		SolutionGuid = {68F62ED5-4D7B-461B-936A-1A6D2168A40B}
	EndGlobalSection
EndGlobal
